
Microsoft Visual Studio Solution File, Format Version 12.00
# Visual Studio 14
VisualStudioVersion = 14.0.24720.0
MinimumVisualStudioVersion = 10.0.40219.1
Project("{2150E333-8FDC-42A3-9474-1A3956D46DE8}") = "Web", "Web", "{3432B3B4-FEA8-4B78-BA0B-D66946F06B83}"
EndProject
Project("{FAE04EC0-301F-11D3-BF4B-00C04F79EFBC}") = "TripDestination.Web.MVC", "Web\TripDestination.Web.MVC\TripDestination.Web.MVC.csproj", "{85AB4CDF-39EA-4AC2-939D-09E51EC80A5A}"
EndProject
Project("{2150E333-8FDC-42A3-9474-1A3956D46DE8}") = "Tests", "Tests", "{C0E00898-C258-48F7-963A-B9D4A169E803}"
EndProject
Project("{2150E333-8FDC-42A3-9474-1A3956D46DE8}") = "Services", "Services", "{6A65B084-53DF-41D6-83EF-4A4153846677}"
EndProject
Project("{2150E333-8FDC-42A3-9474-1A3956D46DE8}") = "Data", "Data", "{0C99945B-B000-4119-ABB7-5678E852D75F}"
EndProject
Project("{2150E333-8FDC-42A3-9474-1A3956D46DE8}") = "Common", "Common", "{231A8F93-845B-4AA9-AC17-D532EE7A252A}"
EndProject
Project("{FAE04EC0-301F-11D3-BF4B-00C04F79EFBC}") = "TripDestination.Common.Infrastructure", "Common\TripDestination.Common.Infrastructure\TripDestination.Common.Infrastructure.csproj", "{004C665E-6EC8-4C05-A312-CA577A55ADB8}"
EndProject
Project("{FAE04EC0-301F-11D3-BF4B-00C04F79EFBC}") = "TripDestination.Data.Data", "Data\TripDestination.Data.Data\TripDestination.Data.Data.csproj", "{91FBCB19-8874-4E89-B649-BA95F8912D87}"
EndProject
Project("{FAE04EC0-301F-11D3-BF4B-00C04F79EFBC}") = "TripDestination.Data.Models", "Data\TripDestination.Data.Models\TripDestination.Data.Models.csproj", "{A490582C-4615-49F0-9F2B-152E48044E65}"
EndProject
Project("{FAE04EC0-301F-11D3-BF4B-00C04F79EFBC}") = "TripDestination.Data.Common", "Data\TripDestination.Data.Common\TripDestination.Data.Common.csproj", "{0303707B-F60A-44E8-AD58-F77C8A702FF4}"
EndProject
Project("{FAE04EC0-301F-11D3-BF4B-00C04F79EFBC}") = "TripDestination.Services.Web", "Services\TripDestination.Services.Web\TripDestination.Services.Web.csproj", "{23B9986C-4889-4365-B91F-6976B81F417A}"
EndProject
Project("{FAE04EC0-301F-11D3-BF4B-00C04F79EFBC}") = "TripDestination.Tests.Services.Web", "Tests\TripDestination.Tests.Services.Web\TripDestination.Tests.Services.Web.csproj", "{0513F235-7353-4707-B894-BE4AE587585B}"
EndProject
Project("{FAE04EC0-301F-11D3-BF4B-00C04F79EFBC}") = "TripDestination.Services.Data", "Services\TripDestination.Services.Data\TripDestination.Services.Data.csproj", "{946CE469-34E0-4B54-92C7-18185E4EBB29}"
EndProject
Project("{FAE04EC0-301F-11D3-BF4B-00C04F79EFBC}") = "TripDestination.Tests.Web.MVC.Controllers", "Tests\TripDestination.Tests.Web.MVC.Controllers\TripDestination.Tests.Web.MVC.Controllers.csproj", "{CD495831-6559-43F7-A460-1F1BDD9B740A}"
EndProject
Project("{FAE04EC0-301F-11D3-BF4B-00C04F79EFBC}") = "TripDestination.Web.Infrastructure", "Web\TripDestination.Web.Infrastructure\TripDestination.Web.Infrastructure.csproj", "{21E57DD3-EE97-4DFD-9230-B633CBD3FC4F}"
EndProject
Project("{FAE04EC0-301F-11D3-BF4B-00C04F79EFBC}") = "TripDestination.Test.Routes", "TripDestination.Test.Routes\TripDestination.Test.Routes.csproj", "{49E1F65A-B59C-4FC8-991A-D0D918B93686}"
EndProject
Project("{FAE04EC0-301F-11D3-BF4B-00C04F79EFBC}") = "TripDestination.Tests.Services.Data", "TripDestination.Tests.Services.Data\TripDestination.Tests.Services.Data.csproj", "{93ACF105-B51B-4CC3-A3F8-2A3C5A86B24F}"
EndProject
Global
	GlobalSection(SolutionConfigurationPlatforms) = preSolution
		Debug|Any CPU = Debug|Any CPU
		Release|Any CPU = Release|Any CPU
	EndGlobalSection
	GlobalSection(ProjectConfigurationPlatforms) = postSolution
		{85AB4CDF-39EA-4AC2-939D-09E51EC80A5A}.Debug|Any CPU.ActiveCfg = Debug|Any CPU
		{85AB4CDF-39EA-4AC2-939D-09E51EC80A5A}.Debug|Any CPU.Build.0 = Debug|Any CPU
		{85AB4CDF-39EA-4AC2-939D-09E51EC80A5A}.Release|Any CPU.ActiveCfg = Release|Any CPU
		{85AB4CDF-39EA-4AC2-939D-09E51EC80A5A}.Release|Any CPU.Build.0 = Release|Any CPU
		{004C665E-6EC8-4C05-A312-CA577A55ADB8}.Debug|Any CPU.ActiveCfg = Debug|Any CPU
		{004C665E-6EC8-4C05-A312-CA577A55ADB8}.Debug|Any CPU.Build.0 = Debug|Any CPU
		{004C665E-6EC8-4C05-A312-CA577A55ADB8}.Release|Any CPU.ActiveCfg = Release|Any CPU
		{004C665E-6EC8-4C05-A312-CA577A55ADB8}.Release|Any CPU.Build.0 = Release|Any CPU
		{91FBCB19-8874-4E89-B649-BA95F8912D87}.Debug|Any CPU.ActiveCfg = Debug|Any CPU
		{91FBCB19-8874-4E89-B649-BA95F8912D87}.Debug|Any CPU.Build.0 = Debug|Any CPU
		{91FBCB19-8874-4E89-B649-BA95F8912D87}.Release|Any CPU.ActiveCfg = Release|Any CPU
		{91FBCB19-8874-4E89-B649-BA95F8912D87}.Release|Any CPU.Build.0 = Release|Any CPU
		{A490582C-4615-49F0-9F2B-152E48044E65}.Debug|Any CPU.ActiveCfg = Debug|Any CPU
		{A490582C-4615-49F0-9F2B-152E48044E65}.Debug|Any CPU.Build.0 = Debug|Any CPU
		{A490582C-4615-49F0-9F2B-152E48044E65}.Release|Any CPU.ActiveCfg = Release|Any CPU
		{A490582C-4615-49F0-9F2B-152E48044E65}.Release|Any CPU.Build.0 = Release|Any CPU
		{0303707B-F60A-44E8-AD58-F77C8A702FF4}.Debug|Any CPU.ActiveCfg = Debug|Any CPU
		{0303707B-F60A-44E8-AD58-F77C8A702FF4}.Debug|Any CPU.Build.0 = Debug|Any CPU
		{0303707B-F60A-44E8-AD58-F77C8A702FF4}.Release|Any CPU.ActiveCfg = Release|Any CPU
		{0303707B-F60A-44E8-AD58-F77C8A702FF4}.Release|Any CPU.Build.0 = Release|Any CPU
		{23B9986C-4889-4365-B91F-6976B81F417A}.Debug|Any CPU.ActiveCfg = Debug|Any CPU
		{23B9986C-4889-4365-B91F-6976B81F417A}.Debug|Any CPU.Build.0 = Debug|Any CPU
		{23B9986C-4889-4365-B91F-6976B81F417A}.Release|Any CPU.ActiveCfg = Release|Any CPU
		{23B9986C-4889-4365-B91F-6976B81F417A}.Release|Any CPU.Build.0 = Release|Any CPU
		{0513F235-7353-4707-B894-BE4AE587585B}.Debug|Any CPU.ActiveCfg = Debug|Any CPU
		{0513F235-7353-4707-B894-BE4AE587585B}.Debug|Any CPU.Build.0 = Debug|Any CPU
		{0513F235-7353-4707-B894-BE4AE587585B}.Release|Any CPU.ActiveCfg = Release|Any CPU
		{0513F235-7353-4707-B894-BE4AE587585B}.Release|Any CPU.Build.0 = Release|Any CPU
		{946CE469-34E0-4B54-92C7-18185E4EBB29}.Debug|Any CPU.ActiveCfg = Debug|Any CPU
		{946CE469-34E0-4B54-92C7-18185E4EBB29}.Debug|Any CPU.Build.0 = Debug|Any CPU
		{946CE469-34E0-4B54-92C7-18185E4EBB29}.Release|Any CPU.ActiveCfg = Release|Any CPU
		{946CE469-34E0-4B54-92C7-18185E4EBB29}.Release|Any CPU.Build.0 = Release|Any CPU
		{CD495831-6559-43F7-A460-1F1BDD9B740A}.Debug|Any CPU.ActiveCfg = Debug|Any CPU
		{CD495831-6559-43F7-A460-1F1BDD9B740A}.Debug|Any CPU.Build.0 = Debug|Any CPU
		{CD495831-6559-43F7-A460-1F1BDD9B740A}.Release|Any CPU.ActiveCfg = Release|Any CPU
		{CD495831-6559-43F7-A460-1F1BDD9B740A}.Release|Any CPU.Build.0 = Release|Any CPU
		{21E57DD3-EE97-4DFD-9230-B633CBD3FC4F}.Debug|Any CPU.ActiveCfg = Debug|Any CPU
		{21E57DD3-EE97-4DFD-9230-B633CBD3FC4F}.Debug|Any CPU.Build.0 = Debug|Any CPU
		{21E57DD3-EE97-4DFD-9230-B633CBD3FC4F}.Release|Any CPU.ActiveCfg = Release|Any CPU
		{21E57DD3-EE97-4DFD-9230-B633CBD3FC4F}.Release|Any CPU.Build.0 = Release|Any CPU
		{49E1F65A-B59C-4FC8-991A-D0D918B93686}.Debug|Any CPU.ActiveCfg = Debug|Any CPU
		{49E1F65A-B59C-4FC8-991A-D0D918B93686}.Debug|Any CPU.Build.0 = Debug|Any CPU
		{49E1F65A-B59C-4FC8-991A-D0D918B93686}.Release|Any CPU.ActiveCfg = Release|Any CPU
		{49E1F65A-B59C-4FC8-991A-D0D918B93686}.Release|Any CPU.Build.0 = Release|Any CPU
		{93ACF105-B51B-4CC3-A3F8-2A3C5A86B24F}.Debug|Any CPU.ActiveCfg = Debug|Any CPU
		{93ACF105-B51B-4CC3-A3F8-2A3C5A86B24F}.Debug|Any CPU.Build.0 = Debug|Any CPU
		{93ACF105-B51B-4CC3-A3F8-2A3C5A86B24F}.Release|Any CPU.ActiveCfg = Release|Any CPU
		{93ACF105-B51B-4CC3-A3F8-2A3C5A86B24F}.Release|Any CPU.Build.0 = Release|Any CPU
	EndGlobalSection
	GlobalSection(SolutionProperties) = preSolution
		HideSolutionNode = FALSE
	EndGlobalSection
	GlobalSection(NestedProjects) = preSolution
		{85AB4CDF-39EA-4AC2-939D-09E51EC80A5A} = {3432B3B4-FEA8-4B78-BA0B-D66946F06B83}
		{004C665E-6EC8-4C05-A312-CA577A55ADB8} = {231A8F93-845B-4AA9-AC17-D532EE7A252A}
		{91FBCB19-8874-4E89-B649-BA95F8912D87} = {0C99945B-B000-4119-ABB7-5678E852D75F}
		{A490582C-4615-49F0-9F2B-152E48044E65} = {0C99945B-B000-4119-ABB7-5678E852D75F}
		{0303707B-F60A-44E8-AD58-F77C8A702FF4} = {0C99945B-B000-4119-ABB7-5678E852D75F}
		{23B9986C-4889-4365-B91F-6976B81F417A} = {6A65B084-53DF-41D6-83EF-4A4153846677}
		{0513F235-7353-4707-B894-BE4AE587585B} = {C0E00898-C258-48F7-963A-B9D4A169E803}
		{946CE469-34E0-4B54-92C7-18185E4EBB29} = {6A65B084-53DF-41D6-83EF-4A4153846677}
		{CD495831-6559-43F7-A460-1F1BDD9B740A} = {C0E00898-C258-48F7-963A-B9D4A169E803}
		{21E57DD3-EE97-4DFD-9230-B633CBD3FC4F} = {3432B3B4-FEA8-4B78-BA0B-D66946F06B83}
		{49E1F65A-B59C-4FC8-991A-D0D918B93686} = {C0E00898-C258-48F7-963A-B9D4A169E803}
		{93ACF105-B51B-4CC3-A3F8-2A3C5A86B24F} = {C0E00898-C258-48F7-963A-B9D4A169E803}
	EndGlobalSection
EndGlobal
