
Microsoft Visual Studio Solution File, Format Version 12.00
# Visual Studio 14
VisualStudioVersion = 14.0.24720.0
MinimumVisualStudioVersion = 10.0.40219.1
Project("{2150E333-8FDC-42A3-9474-1A3956D46DE8}") = "Web", "Web", "{4C2CF454-1E9F-4FC3-85D8-70E609689BAA}"
EndProject
Project("{FAE04EC0-301F-11D3-BF4B-00C04F79EFBC}") = "TripDestination.Web.MVC", "Web\TripDestination.Web.MVC\TripDestination.Web.MVC.csproj", "{A16879D7-7784-4D2A-AC5B-51807A5436A0}"
EndProject
Project("{2150E333-8FDC-42A3-9474-1A3956D46DE8}") = "Common", "Common", "{CBDE8CAA-5919-48D5-AADD-9FD3E2D77769}"
EndProject
Global
	GlobalSection(SolutionConfigurationPlatforms) = preSolution
		Debug|Any CPU = Debug|Any CPU
		Release|Any CPU = Release|Any CPU
	EndGlobalSection
	GlobalSection(ProjectConfigurationPlatforms) = postSolution
		{A16879D7-7784-4D2A-AC5B-51807A5436A0}.Debug|Any CPU.ActiveCfg = Debug|Any CPU
		{A16879D7-7784-4D2A-AC5B-51807A5436A0}.Debug|Any CPU.Build.0 = Debug|Any CPU
		{A16879D7-7784-4D2A-AC5B-51807A5436A0}.Release|Any CPU.ActiveCfg = Release|Any CPU
		{A16879D7-7784-4D2A-AC5B-51807A5436A0}.Release|Any CPU.Build.0 = Release|Any CPU
	EndGlobalSection
	GlobalSection(SolutionProperties) = preSolution
		HideSolutionNode = FALSE
	EndGlobalSection
	GlobalSection(NestedProjects) = preSolution
		{A16879D7-7784-4D2A-AC5B-51807A5436A0} = {4C2CF454-1E9F-4FC3-85D8-70E609689BAA}
	EndGlobalSection
EndGlobal
